
Microsoft Visual Studio Solution File, Format Version 12.00
# Visual Studio Express 2012 for Windows Desktop
Project("{FAE04EC0-301F-11D3-BF4B-00C04F79EFBC}") = "01.CartezianCoordinateSystem", "Practice\01.CartezianCoordinateSystem.csproj", "{9216236E-BA17-431A-8860-B2B89B99008F}"
EndProject
Project("{FAE04EC0-301F-11D3-BF4B-00C04F79EFBC}") = "02.MissCat", "02.MissCat\02.MissCat.csproj", "{D35CF973-6689-4DFF-BF3F-62CAB001A00B}"
EndProject
Project("{FAE04EC0-301F-11D3-BF4B-00C04F79EFBC}") = "03.ForestRoad", "3.ForestRoad\03.ForestRoad.csproj", "{735B7A81-7E44-4D06-BB5B-F27AD50FB954}"
EndProject
Project("{FAE04EC0-301F-11D3-BF4B-00C04F79EFBC}") = "04.BinaryDigitsCount", "4.BinaryDigitsCount\04.BinaryDigitsCount.csproj", "{CF5561D9-B590-4818-A7A4-7F5370638734}"
EndProject
Project("{FAE04EC0-301F-11D3-BF4B-00C04F79EFBC}") = "05.SubsetSum", "5.SubsetSum\05.SubsetSum.csproj", "{56E9B2A1-3FEF-4245-9B96-1D3F315EF6E0}"
EndProject
Project("{FAE04EC0-301F-11D3-BF4B-00C04F79EFBC}") = "06.SubsetSum2", "6.SubsetSum2\06.SubsetSum2.csproj", "{06417556-7EF3-43A4-8C43-C7B830366DE6}"
EndProject
Project("{FAE04EC0-301F-11D3-BF4B-00C04F79EFBC}") = "11.MathExpression", "1.1.MathExpression\11.MathExpression.csproj", "{A8BCED17-DDDD-4CED-83B5-2CCCA89E3B57}"
EndProject
Project("{FAE04EC0-301F-11D3-BF4B-00C04F79EFBC}") = "13.Trapezoid", "13.Trapezoid\13.Trapezoid.csproj", "{84BDB3F4-1E0E-42D3-AEAE-C5562FA57D1F}"
EndProject
Project("{FAE04EC0-301F-11D3-BF4B-00C04F79EFBC}") = "12.LeastMajorityMultiple", "12.LeastMajorityMultiple\12.LeastMajorityMultiple.csproj", "{FA47E351-9248-448C-A3CB-61282523422E}"
EndProject
Project("{FAE04EC0-301F-11D3-BF4B-00C04F79EFBC}") = "12a.LeastMajorityMultiple", "12a.LeastMajorityMultiple\12a.LeastMajorityMultiple.csproj", "{AEEC005B-731C-472D-BCDD-37D5DB34E8C7}"
EndProject
Project("{FAE04EC0-301F-11D3-BF4B-00C04F79EFBC}") = "14.OddNumber", "14.OddNumber\14.OddNumber.csproj", "{9F1276FC-A540-486F-A25B-245107FDE970}"
EndProject
Project("{FAE04EC0-301F-11D3-BF4B-00C04F79EFBC}") = "14a.OddNumber", "14a.OddNumber\14a.OddNumber.csproj", "{D66AB6FB-3FA7-4111-ACD0-B60DA7D5E278}"
EndProject
Project("{FAE04EC0-301F-11D3-BF4B-00C04F79EFBC}") = "15.FallDown", "15.FallDown\15.FallDown.csproj", "{11EBA8DB-5E8F-4673-9D00-68CDF1AAF61A}"
EndProject
Project("{FAE04EC0-301F-11D3-BF4B-00C04F79EFBC}") = "23.FirTree", "23.FirTree\23.FirTree.csproj", "{DB6E1640-F72F-47D7-97B0-88CDC10E0217}"
EndProject
Project("{FAE04EC0-301F-11D3-BF4B-00C04F79EFBC}") = "22.Tribonacci", "22.Tribonacci\22.Tribonacci.csproj", "{208EA700-4BA5-4912-8CF3-91C707C66CB5}"
EndProject
Project("{FAE04EC0-301F-11D3-BF4B-00C04F79EFBC}") = "21.ShipDamage", "21.ShipDamage\21.ShipDamage.csproj", "{ADB5A254-5500-4A1F-A95B-0779322F52FB}"
EndProject
Project("{FAE04EC0-301F-11D3-BF4B-00C04F79EFBC}") = "25.Pilars", "25.Pilars\25.Pilars.csproj", "{91A3480B-C4A4-4AD7-BC2C-1D3E54CFA15C}"
EndProject
Project("{FAE04EC0-301F-11D3-BF4B-00C04F79EFBC}") = "24.weAllLoveBits", "24.weAllLoveBits\24.weAllLoveBits.csproj", "{D78FD4BE-8153-46FC-A0AA-92C45CEAA60C}"
EndProject
Project("{FAE04EC0-301F-11D3-BF4B-00C04F79EFBC}") = "33.SandGlass", "33.SandGlass\33.SandGlass.csproj", "{218D52E2-C71B-4D1F-BD1B-55E19B02D544}"
EndProject
Project("{FAE04EC0-301F-11D3-BF4B-00C04F79EFBC}") = "35.Lines", "35.Lines\35.Lines.csproj", "{6A1E59AA-38D8-45ED-9C58-3204D634512D}"
EndProject
Project("{FAE04EC0-301F-11D3-BF4B-00C04F79EFBC}") = "34.DancingBits", "34.DancingBits\34.DancingBits.csproj", "{07754550-B8A8-4482-BE26-4C65D185F625}"
EndProject
Project("{FAE04EC0-301F-11D3-BF4B-00C04F79EFBC}") = "35a.Lines", "35a.Lines\35a.Lines.csproj", "{9925AB40-4F44-41FE-A1A8-BE350CFFBFDF}"
EndProject
Project("{FAE04EC0-301F-11D3-BF4B-00C04F79EFBC}") = "31.FighterAtack", "31.FighterAtack\31.FighterAtack.csproj", "{899C57B4-C53C-440A-BB7B-EDE03F2E1C44}"
EndProject
Project("{FAE04EC0-301F-11D3-BF4B-00C04F79EFBC}") = "99.JustPractice", "100.JustPractice\99.JustPractice.csproj", "{B3A4F5DB-1088-4871-9E6F-10FC9F7B083E}"
EndProject
Global
	GlobalSection(SolutionConfigurationPlatforms) = preSolution
		Debug|Any CPU = Debug|Any CPU
		Release|Any CPU = Release|Any CPU
	EndGlobalSection
	GlobalSection(ProjectConfigurationPlatforms) = postSolution
		{9216236E-BA17-431A-8860-B2B89B99008F}.Debug|Any CPU.ActiveCfg = Debug|Any CPU
		{9216236E-BA17-431A-8860-B2B89B99008F}.Debug|Any CPU.Build.0 = Debug|Any CPU
		{9216236E-BA17-431A-8860-B2B89B99008F}.Release|Any CPU.ActiveCfg = Release|Any CPU
		{9216236E-BA17-431A-8860-B2B89B99008F}.Release|Any CPU.Build.0 = Release|Any CPU
		{D35CF973-6689-4DFF-BF3F-62CAB001A00B}.Debug|Any CPU.ActiveCfg = Debug|Any CPU
		{D35CF973-6689-4DFF-BF3F-62CAB001A00B}.Debug|Any CPU.Build.0 = Debug|Any CPU
		{D35CF973-6689-4DFF-BF3F-62CAB001A00B}.Release|Any CPU.ActiveCfg = Release|Any CPU
		{D35CF973-6689-4DFF-BF3F-62CAB001A00B}.Release|Any CPU.Build.0 = Release|Any CPU
		{735B7A81-7E44-4D06-BB5B-F27AD50FB954}.Debug|Any CPU.ActiveCfg = Debug|Any CPU
		{735B7A81-7E44-4D06-BB5B-F27AD50FB954}.Debug|Any CPU.Build.0 = Debug|Any CPU
		{735B7A81-7E44-4D06-BB5B-F27AD50FB954}.Release|Any CPU.ActiveCfg = Release|Any CPU
		{735B7A81-7E44-4D06-BB5B-F27AD50FB954}.Release|Any CPU.Build.0 = Release|Any CPU
		{CF5561D9-B590-4818-A7A4-7F5370638734}.Debug|Any CPU.ActiveCfg = Debug|Any CPU
		{CF5561D9-B590-4818-A7A4-7F5370638734}.Debug|Any CPU.Build.0 = Debug|Any CPU
		{CF5561D9-B590-4818-A7A4-7F5370638734}.Release|Any CPU.ActiveCfg = Release|Any CPU
		{CF5561D9-B590-4818-A7A4-7F5370638734}.Release|Any CPU.Build.0 = Release|Any CPU
		{56E9B2A1-3FEF-4245-9B96-1D3F315EF6E0}.Debug|Any CPU.ActiveCfg = Debug|Any CPU
		{56E9B2A1-3FEF-4245-9B96-1D3F315EF6E0}.Debug|Any CPU.Build.0 = Debug|Any CPU
		{56E9B2A1-3FEF-4245-9B96-1D3F315EF6E0}.Release|Any CPU.ActiveCfg = Release|Any CPU
		{56E9B2A1-3FEF-4245-9B96-1D3F315EF6E0}.Release|Any CPU.Build.0 = Release|Any CPU
		{06417556-7EF3-43A4-8C43-C7B830366DE6}.Debug|Any CPU.ActiveCfg = Debug|Any CPU
		{06417556-7EF3-43A4-8C43-C7B830366DE6}.Debug|Any CPU.Build.0 = Debug|Any CPU
		{06417556-7EF3-43A4-8C43-C7B830366DE6}.Release|Any CPU.ActiveCfg = Release|Any CPU
		{06417556-7EF3-43A4-8C43-C7B830366DE6}.Release|Any CPU.Build.0 = Release|Any CPU
		{A8BCED17-DDDD-4CED-83B5-2CCCA89E3B57}.Debug|Any CPU.ActiveCfg = Debug|Any CPU
		{A8BCED17-DDDD-4CED-83B5-2CCCA89E3B57}.Debug|Any CPU.Build.0 = Debug|Any CPU
		{A8BCED17-DDDD-4CED-83B5-2CCCA89E3B57}.Release|Any CPU.ActiveCfg = Release|Any CPU
		{A8BCED17-DDDD-4CED-83B5-2CCCA89E3B57}.Release|Any CPU.Build.0 = Release|Any CPU
		{84BDB3F4-1E0E-42D3-AEAE-C5562FA57D1F}.Debug|Any CPU.ActiveCfg = Debug|Any CPU
		{84BDB3F4-1E0E-42D3-AEAE-C5562FA57D1F}.Debug|Any CPU.Build.0 = Debug|Any CPU
		{84BDB3F4-1E0E-42D3-AEAE-C5562FA57D1F}.Release|Any CPU.ActiveCfg = Release|Any CPU
		{84BDB3F4-1E0E-42D3-AEAE-C5562FA57D1F}.Release|Any CPU.Build.0 = Release|Any CPU
		{FA47E351-9248-448C-A3CB-61282523422E}.Debug|Any CPU.ActiveCfg = Debug|Any CPU
		{FA47E351-9248-448C-A3CB-61282523422E}.Debug|Any CPU.Build.0 = Debug|Any CPU
		{FA47E351-9248-448C-A3CB-61282523422E}.Release|Any CPU.ActiveCfg = Release|Any CPU
		{FA47E351-9248-448C-A3CB-61282523422E}.Release|Any CPU.Build.0 = Release|Any CPU
		{AEEC005B-731C-472D-BCDD-37D5DB34E8C7}.Debug|Any CPU.ActiveCfg = Debug|Any CPU
		{AEEC005B-731C-472D-BCDD-37D5DB34E8C7}.Debug|Any CPU.Build.0 = Debug|Any CPU
		{AEEC005B-731C-472D-BCDD-37D5DB34E8C7}.Release|Any CPU.ActiveCfg = Release|Any CPU
		{AEEC005B-731C-472D-BCDD-37D5DB34E8C7}.Release|Any CPU.Build.0 = Release|Any CPU
		{9F1276FC-A540-486F-A25B-245107FDE970}.Debug|Any CPU.ActiveCfg = Debug|Any CPU
		{9F1276FC-A540-486F-A25B-245107FDE970}.Debug|Any CPU.Build.0 = Debug|Any CPU
		{9F1276FC-A540-486F-A25B-245107FDE970}.Release|Any CPU.ActiveCfg = Release|Any CPU
		{9F1276FC-A540-486F-A25B-245107FDE970}.Release|Any CPU.Build.0 = Release|Any CPU
		{D66AB6FB-3FA7-4111-ACD0-B60DA7D5E278}.Debug|Any CPU.ActiveCfg = Debug|Any CPU
		{D66AB6FB-3FA7-4111-ACD0-B60DA7D5E278}.Debug|Any CPU.Build.0 = Debug|Any CPU
		{D66AB6FB-3FA7-4111-ACD0-B60DA7D5E278}.Release|Any CPU.ActiveCfg = Release|Any CPU
		{D66AB6FB-3FA7-4111-ACD0-B60DA7D5E278}.Release|Any CPU.Build.0 = Release|Any CPU
		{11EBA8DB-5E8F-4673-9D00-68CDF1AAF61A}.Debug|Any CPU.ActiveCfg = Debug|Any CPU
		{11EBA8DB-5E8F-4673-9D00-68CDF1AAF61A}.Debug|Any CPU.Build.0 = Debug|Any CPU
		{11EBA8DB-5E8F-4673-9D00-68CDF1AAF61A}.Release|Any CPU.ActiveCfg = Release|Any CPU
		{11EBA8DB-5E8F-4673-9D00-68CDF1AAF61A}.Release|Any CPU.Build.0 = Release|Any CPU
		{DB6E1640-F72F-47D7-97B0-88CDC10E0217}.Debug|Any CPU.ActiveCfg = Debug|Any CPU
		{DB6E1640-F72F-47D7-97B0-88CDC10E0217}.Debug|Any CPU.Build.0 = Debug|Any CPU
		{DB6E1640-F72F-47D7-97B0-88CDC10E0217}.Release|Any CPU.ActiveCfg = Release|Any CPU
		{DB6E1640-F72F-47D7-97B0-88CDC10E0217}.Release|Any CPU.Build.0 = Release|Any CPU
		{208EA700-4BA5-4912-8CF3-91C707C66CB5}.Debug|Any CPU.ActiveCfg = Debug|Any CPU
		{208EA700-4BA5-4912-8CF3-91C707C66CB5}.Debug|Any CPU.Build.0 = Debug|Any CPU
		{208EA700-4BA5-4912-8CF3-91C707C66CB5}.Release|Any CPU.ActiveCfg = Release|Any CPU
		{208EA700-4BA5-4912-8CF3-91C707C66CB5}.Release|Any CPU.Build.0 = Release|Any CPU
		{ADB5A254-5500-4A1F-A95B-0779322F52FB}.Debug|Any CPU.ActiveCfg = Debug|Any CPU
		{ADB5A254-5500-4A1F-A95B-0779322F52FB}.Debug|Any CPU.Build.0 = Debug|Any CPU
		{ADB5A254-5500-4A1F-A95B-0779322F52FB}.Release|Any CPU.ActiveCfg = Release|Any CPU
		{ADB5A254-5500-4A1F-A95B-0779322F52FB}.Release|Any CPU.Build.0 = Release|Any CPU
		{91A3480B-C4A4-4AD7-BC2C-1D3E54CFA15C}.Debug|Any CPU.ActiveCfg = Debug|Any CPU
		{91A3480B-C4A4-4AD7-BC2C-1D3E54CFA15C}.Debug|Any CPU.Build.0 = Debug|Any CPU
		{91A3480B-C4A4-4AD7-BC2C-1D3E54CFA15C}.Release|Any CPU.ActiveCfg = Release|Any CPU
		{91A3480B-C4A4-4AD7-BC2C-1D3E54CFA15C}.Release|Any CPU.Build.0 = Release|Any CPU
		{D78FD4BE-8153-46FC-A0AA-92C45CEAA60C}.Debug|Any CPU.ActiveCfg = Debug|Any CPU
		{D78FD4BE-8153-46FC-A0AA-92C45CEAA60C}.Debug|Any CPU.Build.0 = Debug|Any CPU
		{D78FD4BE-8153-46FC-A0AA-92C45CEAA60C}.Release|Any CPU.ActiveCfg = Release|Any CPU
		{D78FD4BE-8153-46FC-A0AA-92C45CEAA60C}.Release|Any CPU.Build.0 = Release|Any CPU
		{218D52E2-C71B-4D1F-BD1B-55E19B02D544}.Debug|Any CPU.ActiveCfg = Debug|Any CPU
		{218D52E2-C71B-4D1F-BD1B-55E19B02D544}.Debug|Any CPU.Build.0 = Debug|Any CPU
		{218D52E2-C71B-4D1F-BD1B-55E19B02D544}.Release|Any CPU.ActiveCfg = Release|Any CPU
		{218D52E2-C71B-4D1F-BD1B-55E19B02D544}.Release|Any CPU.Build.0 = Release|Any CPU
		{6A1E59AA-38D8-45ED-9C58-3204D634512D}.Debug|Any CPU.ActiveCfg = Debug|Any CPU
		{6A1E59AA-38D8-45ED-9C58-3204D634512D}.Debug|Any CPU.Build.0 = Debug|Any CPU
		{6A1E59AA-38D8-45ED-9C58-3204D634512D}.Release|Any CPU.ActiveCfg = Release|Any CPU
		{6A1E59AA-38D8-45ED-9C58-3204D634512D}.Release|Any CPU.Build.0 = Release|Any CPU
		{07754550-B8A8-4482-BE26-4C65D185F625}.Debug|Any CPU.ActiveCfg = Debug|Any CPU
		{07754550-B8A8-4482-BE26-4C65D185F625}.Debug|Any CPU.Build.0 = Debug|Any CPU
		{07754550-B8A8-4482-BE26-4C65D185F625}.Release|Any CPU.ActiveCfg = Release|Any CPU
		{07754550-B8A8-4482-BE26-4C65D185F625}.Release|Any CPU.Build.0 = Release|Any CPU
		{9925AB40-4F44-41FE-A1A8-BE350CFFBFDF}.Debug|Any CPU.ActiveCfg = Debug|Any CPU
		{9925AB40-4F44-41FE-A1A8-BE350CFFBFDF}.Debug|Any CPU.Build.0 = Debug|Any CPU
		{9925AB40-4F44-41FE-A1A8-BE350CFFBFDF}.Release|Any CPU.ActiveCfg = Release|Any CPU
		{9925AB40-4F44-41FE-A1A8-BE350CFFBFDF}.Release|Any CPU.Build.0 = Release|Any CPU
		{899C57B4-C53C-440A-BB7B-EDE03F2E1C44}.Debug|Any CPU.ActiveCfg = Debug|Any CPU
		{899C57B4-C53C-440A-BB7B-EDE03F2E1C44}.Debug|Any CPU.Build.0 = Debug|Any CPU
		{899C57B4-C53C-440A-BB7B-EDE03F2E1C44}.Release|Any CPU.ActiveCfg = Release|Any CPU
		{899C57B4-C53C-440A-BB7B-EDE03F2E1C44}.Release|Any CPU.Build.0 = Release|Any CPU
		{B3A4F5DB-1088-4871-9E6F-10FC9F7B083E}.Debug|Any CPU.ActiveCfg = Debug|Any CPU
		{B3A4F5DB-1088-4871-9E6F-10FC9F7B083E}.Debug|Any CPU.Build.0 = Debug|Any CPU
		{B3A4F5DB-1088-4871-9E6F-10FC9F7B083E}.Release|Any CPU.ActiveCfg = Release|Any CPU
		{B3A4F5DB-1088-4871-9E6F-10FC9F7B083E}.Release|Any CPU.Build.0 = Release|Any CPU
	EndGlobalSection
	GlobalSection(SolutionProperties) = preSolution
		HideSolutionNode = FALSE
	EndGlobalSection
EndGlobal
