
Microsoft Visual Studio Solution File, Format Version 12.00
# Visual Studio 2012
Project("{FAE04EC0-301F-11D3-BF4B-00C04F79EFBC}") = "01.02.03 Students", "01.02.03 Students\01.02.03 Students.csproj", "{F3571902-EAA9-4A1B-AB42-8BA4536AA5A8}"
EndProject
Project("{FAE04EC0-301F-11D3-BF4B-00C04F79EFBC}") = "04 Person", "04 Person\04 Person.csproj", "{B2F86747-CF3E-46B1-BE0B-E8D277CEE4FA}"
EndProject
Project("{FAE04EC0-301F-11D3-BF4B-00C04F79EFBC}") = "05 BitArray64", "05 BitArray64\05 BitArray64.csproj", "{3B360A78-C973-4EE8-80D5-EB5E83460746}"
EndProject
Global
	GlobalSection(SolutionConfigurationPlatforms) = preSolution
		Debug|Any CPU = Debug|Any CPU
		Release|Any CPU = Release|Any CPU
	EndGlobalSection
	GlobalSection(ProjectConfigurationPlatforms) = postSolution
		{F3571902-EAA9-4A1B-AB42-8BA4536AA5A8}.Debug|Any CPU.ActiveCfg = Debug|Any CPU
		{F3571902-EAA9-4A1B-AB42-8BA4536AA5A8}.Debug|Any CPU.Build.0 = Debug|Any CPU
		{F3571902-EAA9-4A1B-AB42-8BA4536AA5A8}.Release|Any CPU.ActiveCfg = Release|Any CPU
		{F3571902-EAA9-4A1B-AB42-8BA4536AA5A8}.Release|Any CPU.Build.0 = Release|Any CPU
		{B2F86747-CF3E-46B1-BE0B-E8D277CEE4FA}.Debug|Any CPU.ActiveCfg = Debug|Any CPU
		{B2F86747-CF3E-46B1-BE0B-E8D277CEE4FA}.Debug|Any CPU.Build.0 = Debug|Any CPU
		{B2F86747-CF3E-46B1-BE0B-E8D277CEE4FA}.Release|Any CPU.ActiveCfg = Release|Any CPU
		{B2F86747-CF3E-46B1-BE0B-E8D277CEE4FA}.Release|Any CPU.Build.0 = Release|Any CPU
		{3B360A78-C973-4EE8-80D5-EB5E83460746}.Debug|Any CPU.ActiveCfg = Debug|Any CPU
		{3B360A78-C973-4EE8-80D5-EB5E83460746}.Debug|Any CPU.Build.0 = Debug|Any CPU
		{3B360A78-C973-4EE8-80D5-EB5E83460746}.Release|Any CPU.ActiveCfg = Release|Any CPU
		{3B360A78-C973-4EE8-80D5-EB5E83460746}.Release|Any CPU.Build.0 = Release|Any CPU
	EndGlobalSection
	GlobalSection(SolutionProperties) = preSolution
		HideSolutionNode = FALSE
	EndGlobalSection
EndGlobal
