
Microsoft Visual Studio Solution File, Format Version 12.00
# Visual Studio 2012
Project("{FAE04EC0-301F-11D3-BF4B-00C04F79EFBC}") = "00.CommonTypeSystem", "06.CommonTypeSystem\00.CommonTypeSystem.csproj", "{01705F2E-D324-49C1-B37A-6711B4A55A9A}"
EndProject
Project("{FAE04EC0-301F-11D3-BF4B-00C04F79EFBC}") = "1To3.StudentInfo", "1To3.StudentInfo\1To3.StudentInfo.csproj", "{3E4B5502-FA06-427A-BB44-7A817EF5979F}"
EndProject
Project("{FAE04EC0-301F-11D3-BF4B-00C04F79EFBC}") = "4.PersonInfo", "4.PersonInfo\4.PersonInfo.csproj", "{384DF3C8-9C5B-4E1A-983B-68F90EFA4459}"
EndProject
Project("{FAE04EC0-301F-11D3-BF4B-00C04F79EFBC}") = "5.BitArray64", "5.BitArray64\5.BitArray64.csproj", "{8ED0EFF5-71CF-4675-80DE-CFFBBDA451DC}"
EndProject
Global
	GlobalSection(SolutionConfigurationPlatforms) = preSolution
		Debug|Any CPU = Debug|Any CPU
		Release|Any CPU = Release|Any CPU
	EndGlobalSection
	GlobalSection(ProjectConfigurationPlatforms) = postSolution
		{01705F2E-D324-49C1-B37A-6711B4A55A9A}.Debug|Any CPU.ActiveCfg = Debug|Any CPU
		{01705F2E-D324-49C1-B37A-6711B4A55A9A}.Debug|Any CPU.Build.0 = Debug|Any CPU
		{01705F2E-D324-49C1-B37A-6711B4A55A9A}.Release|Any CPU.ActiveCfg = Release|Any CPU
		{01705F2E-D324-49C1-B37A-6711B4A55A9A}.Release|Any CPU.Build.0 = Release|Any CPU
		{3E4B5502-FA06-427A-BB44-7A817EF5979F}.Debug|Any CPU.ActiveCfg = Debug|Any CPU
		{3E4B5502-FA06-427A-BB44-7A817EF5979F}.Debug|Any CPU.Build.0 = Debug|Any CPU
		{3E4B5502-FA06-427A-BB44-7A817EF5979F}.Release|Any CPU.ActiveCfg = Release|Any CPU
		{3E4B5502-FA06-427A-BB44-7A817EF5979F}.Release|Any CPU.Build.0 = Release|Any CPU
		{384DF3C8-9C5B-4E1A-983B-68F90EFA4459}.Debug|Any CPU.ActiveCfg = Debug|Any CPU
		{384DF3C8-9C5B-4E1A-983B-68F90EFA4459}.Debug|Any CPU.Build.0 = Debug|Any CPU
		{384DF3C8-9C5B-4E1A-983B-68F90EFA4459}.Release|Any CPU.ActiveCfg = Release|Any CPU
		{384DF3C8-9C5B-4E1A-983B-68F90EFA4459}.Release|Any CPU.Build.0 = Release|Any CPU
		{8ED0EFF5-71CF-4675-80DE-CFFBBDA451DC}.Debug|Any CPU.ActiveCfg = Debug|Any CPU
		{8ED0EFF5-71CF-4675-80DE-CFFBBDA451DC}.Debug|Any CPU.Build.0 = Debug|Any CPU
		{8ED0EFF5-71CF-4675-80DE-CFFBBDA451DC}.Release|Any CPU.ActiveCfg = Release|Any CPU
		{8ED0EFF5-71CF-4675-80DE-CFFBBDA451DC}.Release|Any CPU.Build.0 = Release|Any CPU
	EndGlobalSection
	GlobalSection(SolutionProperties) = preSolution
		HideSolutionNode = FALSE
	EndGlobalSection
EndGlobal
