
Microsoft Visual Studio Solution File, Format Version 12.00
# Visual Studio Express 2012 for Windows Desktop
Project("{FAE04EC0-301F-11D3-BF4B-00C04F79EFBC}") = "01.DecimalToBinary", "05.NumeralSystems\01.DecimalToBinary.csproj", "{8C1FF4AC-F575-4F53-8BC1-C8F7D853F949}"
EndProject
Project("{FAE04EC0-301F-11D3-BF4B-00C04F79EFBC}") = "02.BinaryToDecimal", "02.BinaryToDecimal\02.BinaryToDecimal.csproj", "{280C3ED5-9FBC-4B59-AEA7-DA9FFFFEA36C}"
EndProject
Project("{FAE04EC0-301F-11D3-BF4B-00C04F79EFBC}") = "03.DecimalToHexadecimal", "03.DecimalToHexadecimal\03.DecimalToHexadecimal.csproj", "{562E0F11-19C8-4756-942E-73DE0782EF75}"
EndProject
Project("{FAE04EC0-301F-11D3-BF4B-00C04F79EFBC}") = "04.HexadecimalToDecimal", "04.HexadecimalToDecimal\04.HexadecimalToDecimal.csproj", "{AA64BFDD-E744-47E1-AD02-39295167D09C}"
EndProject
Project("{FAE04EC0-301F-11D3-BF4B-00C04F79EFBC}") = "05.HexadecimalToBinary", "05.HexadecimalToBinary\05.HexadecimalToBinary.csproj", "{5E5AD0E7-9ED1-4BD7-9D94-32545F355477}"
EndProject
Project("{FAE04EC0-301F-11D3-BF4B-00C04F79EFBC}") = "06.BinaryNumToHexNum", "06.BinaryNumToHexNum\06.BinaryNumToHexNum.csproj", "{E2F33B8D-134B-4FC2-97C0-9722291A9774}"
EndProject
Project("{FAE04EC0-301F-11D3-BF4B-00C04F79EFBC}") = "07.FromSToDNumSystem", "07.FromSToDNumSystem\07.FromSToDNumSystem.csproj", "{E1C44CFE-367E-4625-9C08-2F873319AE55}"
EndProject
Project("{FAE04EC0-301F-11D3-BF4B-00C04F79EFBC}") = "08.ShortBinaryRepresent", "08.ShortBinaryRepresent\08.ShortBinaryRepresent.csproj", "{7E57760B-B79D-45C9-A8C9-D1AAADE4B8A8}"
EndProject
Project("{FAE04EC0-301F-11D3-BF4B-00C04F79EFBC}") = "09.BinRepresentOfFloatingPointNum", "09.BinRepresentOfFloatingPointNum\09.BinRepresentOfFloatingPointNum.csproj", "{3E56E220-48CE-4531-A81A-CF346972E216}"
EndProject
Global
	GlobalSection(SolutionConfigurationPlatforms) = preSolution
		Debug|Any CPU = Debug|Any CPU
		Release|Any CPU = Release|Any CPU
	EndGlobalSection
	GlobalSection(ProjectConfigurationPlatforms) = postSolution
		{8C1FF4AC-F575-4F53-8BC1-C8F7D853F949}.Debug|Any CPU.ActiveCfg = Debug|Any CPU
		{8C1FF4AC-F575-4F53-8BC1-C8F7D853F949}.Debug|Any CPU.Build.0 = Debug|Any CPU
		{8C1FF4AC-F575-4F53-8BC1-C8F7D853F949}.Release|Any CPU.ActiveCfg = Release|Any CPU
		{8C1FF4AC-F575-4F53-8BC1-C8F7D853F949}.Release|Any CPU.Build.0 = Release|Any CPU
		{280C3ED5-9FBC-4B59-AEA7-DA9FFFFEA36C}.Debug|Any CPU.ActiveCfg = Debug|Any CPU
		{280C3ED5-9FBC-4B59-AEA7-DA9FFFFEA36C}.Debug|Any CPU.Build.0 = Debug|Any CPU
		{280C3ED5-9FBC-4B59-AEA7-DA9FFFFEA36C}.Release|Any CPU.ActiveCfg = Release|Any CPU
		{280C3ED5-9FBC-4B59-AEA7-DA9FFFFEA36C}.Release|Any CPU.Build.0 = Release|Any CPU
		{562E0F11-19C8-4756-942E-73DE0782EF75}.Debug|Any CPU.ActiveCfg = Debug|Any CPU
		{562E0F11-19C8-4756-942E-73DE0782EF75}.Debug|Any CPU.Build.0 = Debug|Any CPU
		{562E0F11-19C8-4756-942E-73DE0782EF75}.Release|Any CPU.ActiveCfg = Release|Any CPU
		{562E0F11-19C8-4756-942E-73DE0782EF75}.Release|Any CPU.Build.0 = Release|Any CPU
		{AA64BFDD-E744-47E1-AD02-39295167D09C}.Debug|Any CPU.ActiveCfg = Debug|Any CPU
		{AA64BFDD-E744-47E1-AD02-39295167D09C}.Debug|Any CPU.Build.0 = Debug|Any CPU
		{AA64BFDD-E744-47E1-AD02-39295167D09C}.Release|Any CPU.ActiveCfg = Release|Any CPU
		{AA64BFDD-E744-47E1-AD02-39295167D09C}.Release|Any CPU.Build.0 = Release|Any CPU
		{5E5AD0E7-9ED1-4BD7-9D94-32545F355477}.Debug|Any CPU.ActiveCfg = Debug|Any CPU
		{5E5AD0E7-9ED1-4BD7-9D94-32545F355477}.Debug|Any CPU.Build.0 = Debug|Any CPU
		{5E5AD0E7-9ED1-4BD7-9D94-32545F355477}.Release|Any CPU.ActiveCfg = Release|Any CPU
		{5E5AD0E7-9ED1-4BD7-9D94-32545F355477}.Release|Any CPU.Build.0 = Release|Any CPU
		{E2F33B8D-134B-4FC2-97C0-9722291A9774}.Debug|Any CPU.ActiveCfg = Debug|Any CPU
		{E2F33B8D-134B-4FC2-97C0-9722291A9774}.Debug|Any CPU.Build.0 = Debug|Any CPU
		{E2F33B8D-134B-4FC2-97C0-9722291A9774}.Release|Any CPU.ActiveCfg = Release|Any CPU
		{E2F33B8D-134B-4FC2-97C0-9722291A9774}.Release|Any CPU.Build.0 = Release|Any CPU
		{E1C44CFE-367E-4625-9C08-2F873319AE55}.Debug|Any CPU.ActiveCfg = Debug|Any CPU
		{E1C44CFE-367E-4625-9C08-2F873319AE55}.Debug|Any CPU.Build.0 = Debug|Any CPU
		{E1C44CFE-367E-4625-9C08-2F873319AE55}.Release|Any CPU.ActiveCfg = Release|Any CPU
		{E1C44CFE-367E-4625-9C08-2F873319AE55}.Release|Any CPU.Build.0 = Release|Any CPU
		{7E57760B-B79D-45C9-A8C9-D1AAADE4B8A8}.Debug|Any CPU.ActiveCfg = Debug|Any CPU
		{7E57760B-B79D-45C9-A8C9-D1AAADE4B8A8}.Debug|Any CPU.Build.0 = Debug|Any CPU
		{7E57760B-B79D-45C9-A8C9-D1AAADE4B8A8}.Release|Any CPU.ActiveCfg = Release|Any CPU
		{7E57760B-B79D-45C9-A8C9-D1AAADE4B8A8}.Release|Any CPU.Build.0 = Release|Any CPU
		{3E56E220-48CE-4531-A81A-CF346972E216}.Debug|Any CPU.ActiveCfg = Debug|Any CPU
		{3E56E220-48CE-4531-A81A-CF346972E216}.Debug|Any CPU.Build.0 = Debug|Any CPU
		{3E56E220-48CE-4531-A81A-CF346972E216}.Release|Any CPU.ActiveCfg = Release|Any CPU
		{3E56E220-48CE-4531-A81A-CF346972E216}.Release|Any CPU.Build.0 = Release|Any CPU
	EndGlobalSection
	GlobalSection(SolutionProperties) = preSolution
		HideSolutionNode = FALSE
	EndGlobalSection
EndGlobal
