
Microsoft Visual Studio Solution File, Format Version 12.00
# Visual Studio 2012
Project("{FAE04EC0-301F-11D3-BF4B-00C04F79EFBC}") = "Task1", "Task1\Task1.csproj", "{A32B4A5A-16DC-4A23-86C2-DECE4CD58E0B}"
EndProject
Project("{FAE04EC0-301F-11D3-BF4B-00C04F79EFBC}") = "TestProgram", "TestProgram\TestProgram.csproj", "{9F14FB79-CDC8-4F40-8011-31EDDA799BDC}"
EndProject
Project("{FAE04EC0-301F-11D3-BF4B-00C04F79EFBC}") = "Task2", "Task2\Task2.csproj", "{1F3559BA-C48A-477B-8F09-FC0EB3063080}"
EndProject
Project("{FAE04EC0-301F-11D3-BF4B-00C04F79EFBC}") = "Task3", "Task3\Task3.csproj", "{CDAA75E0-F78A-4732-9045-1DC621F90491}"
EndProject
Global
	GlobalSection(SolutionConfigurationPlatforms) = preSolution
		Debug|Any CPU = Debug|Any CPU
		Release|Any CPU = Release|Any CPU
	EndGlobalSection
	GlobalSection(ProjectConfigurationPlatforms) = postSolution
		{A32B4A5A-16DC-4A23-86C2-DECE4CD58E0B}.Debug|Any CPU.ActiveCfg = Debug|Any CPU
		{A32B4A5A-16DC-4A23-86C2-DECE4CD58E0B}.Debug|Any CPU.Build.0 = Debug|Any CPU
		{A32B4A5A-16DC-4A23-86C2-DECE4CD58E0B}.Release|Any CPU.ActiveCfg = Release|Any CPU
		{A32B4A5A-16DC-4A23-86C2-DECE4CD58E0B}.Release|Any CPU.Build.0 = Release|Any CPU
		{9F14FB79-CDC8-4F40-8011-31EDDA799BDC}.Debug|Any CPU.ActiveCfg = Debug|Any CPU
		{9F14FB79-CDC8-4F40-8011-31EDDA799BDC}.Debug|Any CPU.Build.0 = Debug|Any CPU
		{9F14FB79-CDC8-4F40-8011-31EDDA799BDC}.Release|Any CPU.ActiveCfg = Release|Any CPU
		{9F14FB79-CDC8-4F40-8011-31EDDA799BDC}.Release|Any CPU.Build.0 = Release|Any CPU
		{1F3559BA-C48A-477B-8F09-FC0EB3063080}.Debug|Any CPU.ActiveCfg = Debug|Any CPU
		{1F3559BA-C48A-477B-8F09-FC0EB3063080}.Debug|Any CPU.Build.0 = Debug|Any CPU
		{1F3559BA-C48A-477B-8F09-FC0EB3063080}.Release|Any CPU.ActiveCfg = Release|Any CPU
		{1F3559BA-C48A-477B-8F09-FC0EB3063080}.Release|Any CPU.Build.0 = Release|Any CPU
		{CDAA75E0-F78A-4732-9045-1DC621F90491}.Debug|Any CPU.ActiveCfg = Debug|Any CPU
		{CDAA75E0-F78A-4732-9045-1DC621F90491}.Debug|Any CPU.Build.0 = Debug|Any CPU
		{CDAA75E0-F78A-4732-9045-1DC621F90491}.Release|Any CPU.ActiveCfg = Release|Any CPU
		{CDAA75E0-F78A-4732-9045-1DC621F90491}.Release|Any CPU.Build.0 = Release|Any CPU
	EndGlobalSection
	GlobalSection(SolutionProperties) = preSolution
		HideSolutionNode = FALSE
	EndGlobalSection
EndGlobal
