
Microsoft Visual Studio Solution File, Format Version 12.00
# Visual Studio 2012
Project("{FAE04EC0-301F-11D3-BF4B-00C04F79EFBC}") = "OperatorsAndExpressions", "OperatorsAndExpressions\OperatorsAndExpressions.csproj", "{0242B660-CCA0-477D-A202-57B19D0DCE4C}"
EndProject
Global
	GlobalSection(SolutionConfigurationPlatforms) = preSolution
		Debug|Any CPU = Debug|Any CPU
		Release|Any CPU = Release|Any CPU
	EndGlobalSection
	GlobalSection(ProjectConfigurationPlatforms) = postSolution
		{0242B660-CCA0-477D-A202-57B19D0DCE4C}.Debug|Any CPU.ActiveCfg = Debug|Any CPU
		{0242B660-CCA0-477D-A202-57B19D0DCE4C}.Debug|Any CPU.Build.0 = Debug|Any CPU
		{0242B660-CCA0-477D-A202-57B19D0DCE4C}.Release|Any CPU.ActiveCfg = Release|Any CPU
		{0242B660-CCA0-477D-A202-57B19D0DCE4C}.Release|Any CPU.Build.0 = Release|Any CPU
	EndGlobalSection
	GlobalSection(SolutionProperties) = preSolution
		HideSolutionNode = FALSE
	EndGlobalSection
EndGlobal
