
Microsoft Visual Studio Solution File, Format Version 12.00
# Visual Studio 2012
Project("{FAE04EC0-301F-11D3-BF4B-00C04F79EFBC}") = "04.RiskWinRiskLoseStupidOne", "04.RiskWinRiskLose\04.RiskWinRiskLoseStupidOne.csproj", "{220DEAF0-40B7-422E-B98E-25764A9BCF5B}"
EndProject
Project("{FAE04EC0-301F-11D3-BF4B-00C04F79EFBC}") = "04.RiskWinRiskLoseStupidTwo", "04.RiskWinRiskLoseStupidTwo\04.RiskWinRiskLoseStupidTwo.csproj", "{4A6765D3-C9AA-41B3-B955-4CF736E4D314}"
EndProject
Global
	GlobalSection(SolutionConfigurationPlatforms) = preSolution
		Debug|Any CPU = Debug|Any CPU
		Release|Any CPU = Release|Any CPU
	EndGlobalSection
	GlobalSection(ProjectConfigurationPlatforms) = postSolution
		{220DEAF0-40B7-422E-B98E-25764A9BCF5B}.Debug|Any CPU.ActiveCfg = Debug|Any CPU
		{220DEAF0-40B7-422E-B98E-25764A9BCF5B}.Debug|Any CPU.Build.0 = Debug|Any CPU
		{220DEAF0-40B7-422E-B98E-25764A9BCF5B}.Release|Any CPU.ActiveCfg = Release|Any CPU
		{220DEAF0-40B7-422E-B98E-25764A9BCF5B}.Release|Any CPU.Build.0 = Release|Any CPU
		{4A6765D3-C9AA-41B3-B955-4CF736E4D314}.Debug|Any CPU.ActiveCfg = Debug|Any CPU
		{4A6765D3-C9AA-41B3-B955-4CF736E4D314}.Debug|Any CPU.Build.0 = Debug|Any CPU
		{4A6765D3-C9AA-41B3-B955-4CF736E4D314}.Release|Any CPU.ActiveCfg = Release|Any CPU
		{4A6765D3-C9AA-41B3-B955-4CF736E4D314}.Release|Any CPU.Build.0 = Release|Any CPU
	EndGlobalSection
	GlobalSection(SolutionProperties) = preSolution
		HideSolutionNode = FALSE
	EndGlobalSection
EndGlobal
