
Microsoft Visual Studio Solution File, Format Version 12.00
# Visual Studio 2012
Project("{FAE04EC0-301F-11D3-BF4B-00C04F79EFBC}") = "1.StudentsInCoursesSort", "1.StudentsInCoursesSort\1.StudentsInCoursesSort.csproj", "{1BE404E7-EF01-4B77-AA3D-58D610BCF276}"
EndProject
Project("{FAE04EC0-301F-11D3-BF4B-00C04F79EFBC}") = "3.BiDictionary", "3.BiDictionary\3.BiDictionary.csproj", "{51B574C3-DBF2-4D17-823E-4617852F3E55}"
EndProject
Global
	GlobalSection(SolutionConfigurationPlatforms) = preSolution
		Debug|Any CPU = Debug|Any CPU
		Release|Any CPU = Release|Any CPU
	EndGlobalSection
	GlobalSection(ProjectConfigurationPlatforms) = postSolution
		{1BE404E7-EF01-4B77-AA3D-58D610BCF276}.Debug|Any CPU.ActiveCfg = Debug|Any CPU
		{1BE404E7-EF01-4B77-AA3D-58D610BCF276}.Debug|Any CPU.Build.0 = Debug|Any CPU
		{1BE404E7-EF01-4B77-AA3D-58D610BCF276}.Release|Any CPU.ActiveCfg = Release|Any CPU
		{1BE404E7-EF01-4B77-AA3D-58D610BCF276}.Release|Any CPU.Build.0 = Release|Any CPU
		{51B574C3-DBF2-4D17-823E-4617852F3E55}.Debug|Any CPU.ActiveCfg = Debug|Any CPU
		{51B574C3-DBF2-4D17-823E-4617852F3E55}.Debug|Any CPU.Build.0 = Debug|Any CPU
		{51B574C3-DBF2-4D17-823E-4617852F3E55}.Release|Any CPU.ActiveCfg = Release|Any CPU
		{51B574C3-DBF2-4D17-823E-4617852F3E55}.Release|Any CPU.Build.0 = Release|Any CPU
	EndGlobalSection
	GlobalSection(SolutionProperties) = preSolution
		HideSolutionNode = FALSE
	EndGlobalSection
EndGlobal
