
Microsoft Visual Studio Solution File, Format Version 12.00
# Visual Studio Express 2012 for Windows Desktop
Project("{FAE04EC0-301F-11D3-BF4B-00C04F79EFBC}") = "01To4.PointInSpace", "DefinningClassesPartTwo\01To4.PointInSpace.csproj", "{FDBC04A5-8BF2-42DC-88D5-F641B358CC15}"
EndProject
Project("{FAE04EC0-301F-11D3-BF4B-00C04F79EFBC}") = "05To7.GenericListMethods", "GenericListMethods\05To7.GenericListMethods.csproj", "{F25CBDBE-9DA8-4341-9657-BEE74BD1A5F3}"
EndProject
Project("{FAE04EC0-301F-11D3-BF4B-00C04F79EFBC}") = "08To10.TestMatrix", "TestMatrix\08To10.TestMatrix.csproj", "{515343C5-37A8-4A9F-BC58-36EC1F6B1AE4}"
EndProject
Project("{FAE04EC0-301F-11D3-BF4B-00C04F79EFBC}") = "11.VersionAttribute", "VersionAttribute\11.VersionAttribute.csproj", "{A6522297-9696-474B-82C0-C7988DEAAB76}"
EndProject
Global
	GlobalSection(SolutionConfigurationPlatforms) = preSolution
		Debug|Any CPU = Debug|Any CPU
		Release|Any CPU = Release|Any CPU
	EndGlobalSection
	GlobalSection(ProjectConfigurationPlatforms) = postSolution
		{FDBC04A5-8BF2-42DC-88D5-F641B358CC15}.Debug|Any CPU.ActiveCfg = Debug|Any CPU
		{FDBC04A5-8BF2-42DC-88D5-F641B358CC15}.Debug|Any CPU.Build.0 = Debug|Any CPU
		{FDBC04A5-8BF2-42DC-88D5-F641B358CC15}.Release|Any CPU.ActiveCfg = Release|Any CPU
		{FDBC04A5-8BF2-42DC-88D5-F641B358CC15}.Release|Any CPU.Build.0 = Release|Any CPU
		{F25CBDBE-9DA8-4341-9657-BEE74BD1A5F3}.Debug|Any CPU.ActiveCfg = Debug|Any CPU
		{F25CBDBE-9DA8-4341-9657-BEE74BD1A5F3}.Debug|Any CPU.Build.0 = Debug|Any CPU
		{F25CBDBE-9DA8-4341-9657-BEE74BD1A5F3}.Release|Any CPU.ActiveCfg = Release|Any CPU
		{F25CBDBE-9DA8-4341-9657-BEE74BD1A5F3}.Release|Any CPU.Build.0 = Release|Any CPU
		{515343C5-37A8-4A9F-BC58-36EC1F6B1AE4}.Debug|Any CPU.ActiveCfg = Debug|Any CPU
		{515343C5-37A8-4A9F-BC58-36EC1F6B1AE4}.Debug|Any CPU.Build.0 = Debug|Any CPU
		{515343C5-37A8-4A9F-BC58-36EC1F6B1AE4}.Release|Any CPU.ActiveCfg = Release|Any CPU
		{515343C5-37A8-4A9F-BC58-36EC1F6B1AE4}.Release|Any CPU.Build.0 = Release|Any CPU
		{A6522297-9696-474B-82C0-C7988DEAAB76}.Debug|Any CPU.ActiveCfg = Debug|Any CPU
		{A6522297-9696-474B-82C0-C7988DEAAB76}.Debug|Any CPU.Build.0 = Debug|Any CPU
		{A6522297-9696-474B-82C0-C7988DEAAB76}.Release|Any CPU.ActiveCfg = Release|Any CPU
		{A6522297-9696-474B-82C0-C7988DEAAB76}.Release|Any CPU.Build.0 = Release|Any CPU
	EndGlobalSection
	GlobalSection(SolutionProperties) = preSolution
		HideSolutionNode = FALSE
	EndGlobalSection
EndGlobal
