
Microsoft Visual Studio Solution File, Format Version 12.00
# Visual Studio 2012
Project("{FAE04EC0-301F-11D3-BF4B-00C04F79EFBC}") = "School", "OOP Principles I\School.csproj", "{C18B7864-1B57-4D2E-99AA-A307BE560CD9}"
EndProject
Project("{FAE04EC0-301F-11D3-BF4B-00C04F79EFBC}") = "Person", "Person\Person.csproj", "{71DC51DE-30C5-4DD2-8B6D-1ED2B295AFD9}"
EndProject
Project("{FAE04EC0-301F-11D3-BF4B-00C04F79EFBC}") = "Animal", "Animal\Animal.csproj", "{88413EB0-03F4-4AB7-9CDB-C42DDA6A749D}"
EndProject
Global
	GlobalSection(SolutionConfigurationPlatforms) = preSolution
		Debug|Any CPU = Debug|Any CPU
		Release|Any CPU = Release|Any CPU
	EndGlobalSection
	GlobalSection(ProjectConfigurationPlatforms) = postSolution
		{C18B7864-1B57-4D2E-99AA-A307BE560CD9}.Debug|Any CPU.ActiveCfg = Debug|Any CPU
		{C18B7864-1B57-4D2E-99AA-A307BE560CD9}.Debug|Any CPU.Build.0 = Debug|Any CPU
		{C18B7864-1B57-4D2E-99AA-A307BE560CD9}.Release|Any CPU.ActiveCfg = Release|Any CPU
		{C18B7864-1B57-4D2E-99AA-A307BE560CD9}.Release|Any CPU.Build.0 = Release|Any CPU
		{71DC51DE-30C5-4DD2-8B6D-1ED2B295AFD9}.Debug|Any CPU.ActiveCfg = Debug|Any CPU
		{71DC51DE-30C5-4DD2-8B6D-1ED2B295AFD9}.Debug|Any CPU.Build.0 = Debug|Any CPU
		{71DC51DE-30C5-4DD2-8B6D-1ED2B295AFD9}.Release|Any CPU.ActiveCfg = Release|Any CPU
		{71DC51DE-30C5-4DD2-8B6D-1ED2B295AFD9}.Release|Any CPU.Build.0 = Release|Any CPU
		{88413EB0-03F4-4AB7-9CDB-C42DDA6A749D}.Debug|Any CPU.ActiveCfg = Debug|Any CPU
		{88413EB0-03F4-4AB7-9CDB-C42DDA6A749D}.Debug|Any CPU.Build.0 = Debug|Any CPU
		{88413EB0-03F4-4AB7-9CDB-C42DDA6A749D}.Release|Any CPU.ActiveCfg = Release|Any CPU
		{88413EB0-03F4-4AB7-9CDB-C42DDA6A749D}.Release|Any CPU.Build.0 = Release|Any CPU
	EndGlobalSection
	GlobalSection(SolutionProperties) = preSolution
		HideSolutionNode = FALSE
	EndGlobalSection
EndGlobal
